// !$*UTF8*$!
{
	archiveVersion = 1;
	classes = {
	};
	objectVersion = 56;
	objects = {

/* Begin PBXBuildFile section */
		D73256632B7A42730064A1CE /* AppDelegate.swift in Sources */ = {isa = PBXBuildFile; fileRef = D73256622B7A42730064A1CE /* AppDelegate.swift */; };
		D73256652B7A42730064A1CE /* SceneDelegate.swift in Sources */ = {isa = PBXBuildFile; fileRef = D73256642B7A42730064A1CE /* SceneDelegate.swift */; };
		D73256672B7A42730064A1CE /* ViewController.swift in Sources */ = {isa = PBXBuildFile; fileRef = D73256662B7A42730064A1CE /* ViewController.swift */; };
		D732566A2B7A42730064A1CE /* Main.storyboard in Resources */ = {isa = PBXBuildFile; fileRef = D73256682B7A42730064A1CE /* Main.storyboard */; };
		D732566C2B7A42750064A1CE /* Assets.xcassets in Resources */ = {isa = PBXBuildFile; fileRef = D732566B2B7A42750064A1CE /* Assets.xcassets */; };
		D732566F2B7A42750064A1CE /* LaunchScreen.storyboard in Resources */ = {isa = PBXBuildFile; fileRef = D732566D2B7A42750064A1CE /* LaunchScreen.storyboard */; };
		D73256942B7A42EB0064A1CE /* Geometry.swift in Sources */ = {isa = PBXBuildFile; fileRef = D73256932B7A42EB0064A1CE /* Geometry.swift */; };
		D73256962B7A43560064A1CE /* GeometryTests.swift in Sources */ = {isa = PBXBuildFile; fileRef = D73256952B7A43560064A1CE /* GeometryTests.swift */; };
/* End PBXBuildFile section */

/* Begin PBXContainerItemProxy section */
		D73256762B7A42750064A1CE /* PBXContainerItemProxy */ = {
			isa = PBXContainerItemProxy;
			containerPortal = D73256572B7A42730064A1CE /* Project object */;
			proxyType = 1;
			remoteGlobalIDString = D732565E2B7A42730064A1CE;
			remoteInfo = testAppMindBox;
		};
/* End PBXContainerItemProxy section */

/* Begin PBXFileReference section */
		D732565F2B7A42730064A1CE /* testAppMindBox.app */ = {isa = PBXFileReference; explicitFileType = wrapper.application; includeInIndex = 0; path = testAppMindBox.app; sourceTree = BUILT_PRODUCTS_DIR; };
		D73256622B7A42730064A1CE /* AppDelegate.swift */ = {isa = PBXFileReference; lastKnownFileType = sourcecode.swift; path = AppDelegate.swift; sourceTree = "<group>"; };
		D73256642B7A42730064A1CE /* SceneDelegate.swift */ = {isa = PBXFileReference; lastKnownFileType = sourcecode.swift; path = SceneDelegate.swift; sourceTree = "<group>"; };
		D73256662B7A42730064A1CE /* ViewController.swift */ = {isa = PBXFileReference; lastKnownFileType = sourcecode.swift; path = ViewController.swift; sourceTree = "<group>"; };
		D73256692B7A42730064A1CE /* Base */ = {isa = PBXFileReference; lastKnownFileType = file.storyboard; name = Base; path = Base.lproj/Main.storyboard; sourceTree = "<group>"; };
		D732566B2B7A42750064A1CE /* Assets.xcassets */ = {isa = PBXFileReference; lastKnownFileType = folder.assetcatalog; path = Assets.xcassets; sourceTree = "<group>"; };
		D732566E2B7A42750064A1CE /* Base */ = {isa = PBXFileReference; lastKnownFileType = file.storyboard; name = Base; path = Base.lproj/LaunchScreen.storyboard; sourceTree = "<group>"; };
		D73256702B7A42750064A1CE /* Info.plist */ = {isa = PBXFileReference; lastKnownFileType = text.plist.xml; path = Info.plist; sourceTree = "<group>"; };
		D73256752B7A42750064A1CE /* testAppMindBoxTests.xctest */ = {isa = PBXFileReference; explicitFileType = wrapper.cfbundle; includeInIndex = 0; path = testAppMindBoxTests.xctest; sourceTree = BUILT_PRODUCTS_DIR; };
		D73256932B7A42EB0064A1CE /* Geometry.swift */ = {isa = PBXFileReference; lastKnownFileType = sourcecode.swift; path = Geometry.swift; sourceTree = "<group>"; };
		D73256952B7A43560064A1CE /* GeometryTests.swift */ = {isa = PBXFileReference; lastKnownFileType = sourcecode.swift; path = GeometryTests.swift; sourceTree = "<group>"; };
/* End PBXFileReference section */

/* Begin PBXFrameworksBuildPhase section */
		D732565C2B7A42730064A1CE /* Frameworks */ = {
			isa = PBXFrameworksBuildPhase;
			buildActionMask = 2147483647;
			files = (
			);
			runOnlyForDeploymentPostprocessing = 0;
		};
		D73256722B7A42750064A1CE /* Frameworks */ = {
			isa = PBXFrameworksBuildPhase;
			buildActionMask = 2147483647;
			files = (
			);
			runOnlyForDeploymentPostprocessing = 0;
		};
/* End PBXFrameworksBuildPhase section */

/* Begin PBXGroup section */
		D73256562B7A42730064A1CE = {
			isa = PBXGroup;
			children = (
				D73256612B7A42730064A1CE /* testAppMindBox */,
				D73256782B7A42750064A1CE /* testAppMindBoxTests */,
				D73256602B7A42730064A1CE /* Products */,
			);
			sourceTree = "<group>";
		};
		D73256602B7A42730064A1CE /* Products */ = {
			isa = PBXGroup;
			children = (
				D732565F2B7A42730064A1CE /* testAppMindBox.app */,
				D73256752B7A42750064A1CE /* testAppMindBoxTests.xctest */,
			);
			name = Products;
			sourceTree = "<group>";
		};
		D73256612B7A42730064A1CE /* testAppMindBox */ = {
			isa = PBXGroup;
			children = (
				D73256932B7A42EB0064A1CE /* Geometry.swift */,
				D73256622B7A42730064A1CE /* AppDelegate.swift */,
				D73256642B7A42730064A1CE /* SceneDelegate.swift */,
				D73256662B7A42730064A1CE /* ViewController.swift */,
				D73256682B7A42730064A1CE /* Main.storyboard */,
				D732566B2B7A42750064A1CE /* Assets.xcassets */,
				D732566D2B7A42750064A1CE /* LaunchScreen.storyboard */,
				D73256702B7A42750064A1CE /* Info.plist */,
			);
			path = testAppMindBox;
			sourceTree = "<group>";
		};
		D73256782B7A42750064A1CE /* testAppMindBoxTests */ = {
			isa = PBXGroup;
			children = (
				D73256952B7A43560064A1CE /* GeometryTests.swift */,
			);
			path = testAppMindBoxTests;
			sourceTree = "<group>";
		};
/* End PBXGroup section */

/* Begin PBXNativeTarget section */
		D732565E2B7A42730064A1CE /* testAppMindBox */ = {
			isa = PBXNativeTarget;
			buildConfigurationList = D73256892B7A42750064A1CE /* Build configuration list for PBXNativeTarget "testAppMindBox" */;
			buildPhases = (
				D732565B2B7A42730064A1CE /* Sources */,
				D732565C2B7A42730064A1CE /* Frameworks */,
				D732565D2B7A42730064A1CE /* Resources */,
			);
			buildRules = (
			);
			dependencies = (
			);
			name = testAppMindBox;
			productName = testAppMindBox;
			productReference = D732565F2B7A42730064A1CE /* testAppMindBox.app */;
			productType = "com.apple.product-type.application";
		};
		D73256742B7A42750064A1CE /* testAppMindBoxTests */ = {
			isa = PBXNativeTarget;
			buildConfigurationList = D732568C2B7A42750064A1CE /* Build configuration list for PBXNativeTarget "testAppMindBoxTests" */;
			buildPhases = (
				D73256712B7A42750064A1CE /* Sources */,
				D73256722B7A42750064A1CE /* Frameworks */,
				D73256732B7A42750064A1CE /* Resources */,
			);
			buildRules = (
			);
			dependencies = (
				D73256772B7A42750064A1CE /* PBXTargetDependency */,
			);
			name = testAppMindBoxTests;
			productName = testAppMindBoxTests;
			productReference = D73256752B7A42750064A1CE /* testAppMindBoxTests.xctest */;
			productType = "com.apple.product-type.bundle.unit-test";
		};
/* End PBXNativeTarget section */

/* Begin PBXProject section */
		D73256572B7A42730064A1CE /* Project object */ = {
			isa = PBXProject;
			attributes = {
				BuildIndependentTargetsInParallel = 1;
				LastSwiftUpdateCheck = 1500;
				LastUpgradeCheck = 1500;
				TargetAttributes = {
					D732565E2B7A42730064A1CE = {
						CreatedOnToolsVersion = 15.0.1;
					};
					D73256742B7A42750064A1CE = {
						CreatedOnToolsVersion = 15.0.1;
						TestTargetID = D732565E2B7A42730064A1CE;
					};
				};
			};
			buildConfigurationList = D732565A2B7A42730064A1CE /* Build configuration list for PBXProject "testAppMindBox" */;
			compatibilityVersion = "Xcode 14.0";
			developmentRegion = en;
			hasScannedForEncodings = 0;
			knownRegions = (
				en,
				Base,
			);
			mainGroup = D73256562B7A42730064A1CE;
			productRefGroup = D73256602B7A42730064A1CE /* Products */;
			projectDirPath = "";
			projectRoot = "";
			targets = (
				D732565E2B7A42730064A1CE /* testAppMindBox */,
				D73256742B7A42750064A1CE /* testAppMindBoxTests */,
			);
		};
/* End PBXProject section */

/* Begin PBXResourcesBuildPhase section */
		D732565D2B7A42730064A1CE /* Resources */ = {
			isa = PBXResourcesBuildPhase;
			buildActionMask = 2147483647;
			files = (
				D732566F2B7A42750064A1CE /* LaunchScreen.storyboard in Resources */,
				D732566C2B7A42750064A1CE /* Assets.xcassets in Resources */,
				D732566A2B7A42730064A1CE /* Main.storyboard in Resources */,
			);
			runOnlyForDeploymentPostprocessing = 0;
		};
		D73256732B7A42750064A1CE /* Resources */ = {
			isa = PBXResourcesBuildPhase;
			buildActionMask = 2147483647;
			files = (
			);
			runOnlyForDeploymentPostprocessing = 0;
		};
/* End PBXResourcesBuildPhase section */

/* Begin PBXSourcesBuildPhase section */
		D732565B2B7A42730064A1CE /* Sources */ = {
			isa = PBXSourcesBuildPhase;
			buildActionMask = 2147483647;
			files = (
				D73256672B7A42730064A1CE /* ViewController.swift in Sources */,
				D73256942B7A42EB0064A1CE /* Geometry.swift in Sources */,
				D73256632B7A42730064A1CE /* AppDelegate.swift in Sources */,
				D73256652B7A42730064A1CE /* SceneDelegate.swift in Sources */,
			);
			runOnlyForDeploymentPostprocessing = 0;
		};
		D73256712B7A42750064A1CE /* Sources */ = {
			isa = PBXSourcesBuildPhase;
			buildActionMask = 2147483647;
			files = (
				D73256962B7A43560064A1CE /* GeometryTests.swift in Sources */,
			);
			runOnlyForDeploymentPostprocessing = 0;
		};
/* End PBXSourcesBuildPhase section */

/* Begin PBXTargetDependency section */
		D73256772B7A42750064A1CE /* PBXTargetDependency */ = {
			isa = PBXTargetDependency;
			target = D732565E2B7A42730064A1CE /* testAppMindBox */;
			targetProxy = D73256762B7A42750064A1CE /* PBXContainerItemProxy */;
		};
/* End PBXTargetDependency section */

/* Begin PBXVariantGroup section */
		D73256682B7A42730064A1CE /* Main.storyboard */ = {
			isa = PBXVariantGroup;
			children = (
				D73256692B7A42730064A1CE /* Base */,
			);
			name = Main.storyboard;
			sourceTree = "<group>";
		};
		D732566D2B7A42750064A1CE /* LaunchScreen.storyboard */ = {
			isa = PBXVariantGroup;
			children = (
				D732566E2B7A42750064A1CE /* Base */,
			);
			name = LaunchScreen.storyboard;
			sourceTree = "<group>";
		};
/* End PBXVariantGroup section */

/* Begin XCBuildConfiguration section */
		D73256872B7A42750064A1CE /* Debug */ = {
			isa = XCBuildConfiguration;
			buildSettings = {
				ALWAYS_SEARCH_USER_PATHS = NO;
				ASSETCATALOG_COMPILER_GENERATE_SWIFT_ASSET_SYMBOL_EXTENSIONS = YES;
				CLANG_ANALYZER_NONNULL = YES;
				CLANG_ANALYZER_NUMBER_OBJECT_CONVERSION = YES_AGGRESSIVE;
				CLANG_CXX_LANGUAGE_STANDARD = "gnu++20";
				CLANG_ENABLE_MODULES = YES;
				CLANG_ENABLE_OBJC_ARC = YES;
				CLANG_ENABLE_OBJC_WEAK = YES;
				CLANG_WARN_BLOCK_CAPTURE_AUTORELEASING = YES;
				CLANG_WARN_BOOL_CONVERSION = YES;
				CLANG_WARN_COMMA = YES;
				CLANG_WARN_CONSTANT_CONVERSION = YES;
				CLANG_WARN_DEPRECATED_OBJC_IMPLEMENTATIONS = YES;
				CLANG_WARN_DIRECT_OBJC_ISA_USAGE = YES_ERROR;
				CLANG_WARN_DOCUMENTATION_COMMENTS = YES;
				CLANG_WARN_EMPTY_BODY = YES;
				CLANG_WARN_ENUM_CONVERSION = YES;
				CLANG_WARN_INFINITE_RECURSION = YES;
				CLANG_WARN_INT_CONVERSION = YES;
				CLANG_WARN_NON_LITERAL_NULL_CONVERSION = YES;
				CLANG_WARN_OBJC_IMPLICIT_RETAIN_SELF = YES;
				CLANG_WARN_OBJC_LITERAL_CONVERSION = YES;
				CLANG_WARN_OBJC_ROOT_CLASS = YES_ERROR;
				CLANG_WARN_QUOTED_INCLUDE_IN_FRAMEWORK_HEADER = YES;
				CLANG_WARN_RANGE_LOOP_ANALYSIS = YES;
				CLANG_WARN_STRICT_PROTOTYPES = YES;
				CLANG_WARN_SUSPICIOUS_MOVE = YES;
				CLANG_WARN_UNGUARDED_AVAILABILITY = YES_AGGRESSIVE;
				CLANG_WARN_UNREACHABLE_CODE = YES;
				CLANG_WARN__DUPLICATE_METHOD_MATCH = YES;
				COPY_PHASE_STRIP = NO;
				DEBUG_INFORMATION_FORMAT = dwarf;
				ENABLE_STRICT_OBJC_MSGSEND = YES;
				ENABLE_TESTABILITY = YES;
				ENABLE_USER_SCRIPT_SANDBOXING = YES;
				GCC_C_LANGUAGE_STANDARD = gnu17;
				GCC_DYNAMIC_NO_PIC = NO;
				GCC_NO_COMMON_BLOCKS = YES;
				GCC_OPTIMIZATION_LEVEL = 0;
				GCC_PREPROCESSOR_DEFINITIONS = (
					"DEBUG=1",
					"$(inherited)",
				);
				GCC_WARN_64_TO_32_BIT_CONVERSION = YES;
				GCC_WARN_ABOUT_RETURN_TYPE = YES_ERROR;
				GCC_WARN_UNDECLARED_SELECTOR = YES;
				GCC_WARN_UNINITIALIZED_AUTOS = YES_AGGRESSIVE;
				GCC_WARN_UNUSED_FUNCTION = YES;
				GCC_WARN_UNUSED_VARIABLE = YES;
				IPHONEOS_DEPLOYMENT_TARGET = 17.0;
				LOCALIZATION_PREFERS_STRING_CATALOGS = YES;
				MTL_ENABLE_DEBUG_INFO = INCLUDE_SOURCE;
				MTL_FAST_MATH = YES;
				ONLY_ACTIVE_ARCH = YES;
				SDKROOT = iphoneos;
				SWIFT_ACTIVE_COMPILATION_CONDITIONS = "DEBUG $(inherited)";
				SWIFT_OPTIMIZATION_LEVEL = "-Onone";
			};
			name = Debug;
		};
		D73256882B7A42750064A1CE /* Release */ = {
			isa = XCBuildConfiguration;
			buildSettings = {
				ALWAYS_SEARCH_USER_PATHS = NO;
				ASSETCATALOG_COMPILER_GENERATE_SWIFT_ASSET_SYMBOL_EXTENSIONS = YES;
				CLANG_ANALYZER_NONNULL = YES;
				CLANG_ANALYZER_NUMBER_OBJECT_CONVERSION = YES_AGGRESSIVE;
				CLANG_CXX_LANGUAGE_STANDARD = "gnu++20";
				CLANG_ENABLE_MODULES = YES;
				CLANG_ENABLE_OBJC_ARC = YES;
				CLANG_ENABLE_OBJC_WEAK = YES;
				CLANG_WARN_BLOCK_CAPTURE_AUTORELEASING = YES;
				CLANG_WARN_BOOL_CONVERSION = YES;
				CLANG_WARN_COMMA = YES;
				CLANG_WARN_CONSTANT_CONVERSION = YES;
				CLANG_WARN_DEPRECATED_OBJC_IMPLEMENTATIONS = YES;
				CLANG_WARN_DIRECT_OBJC_ISA_USAGE = YES_ERROR;
				CLANG_WARN_DOCUMENTATION_COMMENTS = YES;
				CLANG_WARN_EMPTY_BODY = YES;
				CLANG_WARN_ENUM_CONVERSION = YES;
				CLANG_WARN_INFINITE_RECURSION = YES;
				CLANG_WARN_INT_CONVERSION = YES;
				CLANG_WARN_NON_LITERAL_NULL_CONVERSION = YES;
				CLANG_WARN_OBJC_IMPLICIT_RETAIN_SELF = YES;
				CLANG_WARN_OBJC_LITERAL_CONVERSION = YES;
				CLANG_WARN_OBJC_ROOT_CLASS = YES_ERROR;
				CLANG_WARN_QUOTED_INCLUDE_IN_FRAMEWORK_HEADER = YES;
				CLANG_WARN_RANGE_LOOP_ANALYSIS = YES;
				CLANG_WARN_STRICT_PROTOTYPES = YES;
				CLANG_WARN_SUSPICIOUS_MOVE = YES;
				CLANG_WARN_UNGUARDED_AVAILABILITY = YES_AGGRESSIVE;
				CLANG_WARN_UNREACHABLE_CODE = YES;
				CLANG_WARN__DUPLICATE_METHOD_MATCH = YES;
				COPY_PHASE_STRIP = NO;
				DEBUG_INFORMATION_FORMAT = "dwarf-with-dsym";
				ENABLE_NS_ASSERTIONS = NO;
				ENABLE_STRICT_OBJC_MSGSEND = YES;
				ENABLE_USER_SCRIPT_SANDBOXING = YES;
				GCC_C_LANGUAGE_STANDARD = gnu17;
				GCC_NO_COMMON_BLOCKS = YES;
				GCC_WARN_64_TO_32_BIT_CONVERSION = YES;
				GCC_WARN_ABOUT_RETURN_TYPE = YES_ERROR;
				GCC_WARN_UNDECLARED_SELECTOR = YES;
				GCC_WARN_UNINITIALIZED_AUTOS = YES_AGGRESSIVE;
				GCC_WARN_UNUSED_FUNCTION = YES;
				GCC_WARN_UNUSED_VARIABLE = YES;
				IPHONEOS_DEPLOYMENT_TARGET = 17.0;
				LOCALIZATION_PREFERS_STRING_CATALOGS = YES;
				MTL_ENABLE_DEBUG_INFO = NO;
				MTL_FAST_MATH = YES;
				SDKROOT = iphoneos;
				SWIFT_COMPILATION_MODE = wholemodule;
				VALIDATE_PRODUCT = YES;
			};
			name = Release;
		};
		D732568A2B7A42750064A1CE /* Debug */ = {
			isa = XCBuildConfiguration;
			buildSettings = {
				ASSETCATALOG_COMPILER_APPICON_NAME = AppIcon;
				ASSETCATALOG_COMPILER_GLOBAL_ACCENT_COLOR_NAME = AccentColor;
				CODE_SIGN_STYLE = Automatic;
				CURRENT_PROJECT_VERSION = 1;
				DEVELOPMENT_TEAM = U63823ANYA;
				GENERATE_INFOPLIST_FILE = YES;
				INFOPLIST_FILE = testAppMindBox/Info.plist;
				INFOPLIST_KEY_UIApplicationSupportsIndirectInputEvents = YES;
				INFOPLIST_KEY_UILaunchStoryboardName = LaunchScreen;
				INFOPLIST_KEY_UIMainStoryboardFile = Main;
				INFOPLIST_KEY_UISupportedInterfaceOrientations_iPad = "UIInterfaceOrientationPortrait UIInterfaceOrientationPortraitUpsideDown UIInterfaceOrientationLandscapeLeft UIInterfaceOrientationLandscapeRight";
				INFOPLIST_KEY_UISupportedInterfaceOrientations_iPhone = "UIInterfaceOrientationPortrait UIInterfaceOrientationLandscapeLeft UIInterfaceOrientationLandscapeRight";
				LD_RUNPATH_SEARCH_PATHS = (
					"$(inherited)",
					"@executable_path/Frameworks",
				);
				MARKETING_VERSION = 1.0;
				PRODUCT_BUNDLE_IDENTIFIER = islam.test.testAppMindBox;
				PRODUCT_NAME = "$(TARGET_NAME)";
				SWIFT_EMIT_LOC_STRINGS = YES;
				SWIFT_VERSION = 5.0;
				TARGETED_DEVICE_FAMILY = "1,2";
			};
			name = Debug;
		};
		D732568B2B7A42750064A1CE /* Release */ = {
			isa = XCBuildConfiguration;
			buildSettings = {
				ASSETCATALOG_COMPILER_APPICON_NAME = AppIcon;
				ASSETCATALOG_COMPILER_GLOBAL_ACCENT_COLOR_NAME = AccentColor;
				CODE_SIGN_STYLE = Automatic;
				CURRENT_PROJECT_VERSION = 1;
				DEVELOPMENT_TEAM = U63823ANYA;
				GENERATE_INFOPLIST_FILE = YES;
				INFOPLIST_FILE = testAppMindBox/Info.plist;
				INFOPLIST_KEY_UIApplicationSupportsIndirectInputEvents = YES;
				INFOPLIST_KEY_UILaunchStoryboardName = LaunchScreen;
				INFOPLIST_KEY_UIMainStoryboardFile = Main;
				INFOPLIST_KEY_UISupportedInterfaceOrientations_iPad = "UIInterfaceOrientationPortrait UIInterfaceOrientationPortraitUpsideDown UIInterfaceOrientationLandscapeLeft UIInterfaceOrientationLandscapeRight";
				INFOPLIST_KEY_UISupportedInterfaceOrientations_iPhone = "UIInterfaceOrientationPortrait UIInterfaceOrientationLandscapeLeft UIInterfaceOrientationLandscapeRight";
				LD_RUNPATH_SEARCH_PATHS = (
					"$(inherited)",
					"@executable_path/Frameworks",
				);
				MARKETING_VERSION = 1.0;
				PRODUCT_BUNDLE_IDENTIFIER = islam.test.testAppMindBox;
				PRODUCT_NAME = "$(TARGET_NAME)";
				SWIFT_EMIT_LOC_STRINGS = YES;
				SWIFT_VERSION = 5.0;
				TARGETED_DEVICE_FAMILY = "1,2";
			};
			name = Release;
		};
		D732568D2B7A42750064A1CE /* Debug */ = {
			isa = XCBuildConfiguration;
			buildSettings = {
				ALWAYS_EMBED_SWIFT_STANDARD_LIBRARIES = YES;
				BUNDLE_LOADER = "$(TEST_HOST)";
				CODE_SIGN_STYLE = Automatic;
				CURRENT_PROJECT_VERSION = 1;
				DEVELOPMENT_TEAM = U63823ANYA;
				GENERATE_INFOPLIST_FILE = YES;
				IPHONEOS_DEPLOYMENT_TARGET = 17.0;
				MARKETING_VERSION = 1.0;
				PRODUCT_BUNDLE_IDENTIFIER = islam.test.testAppMindBoxTests;
				PRODUCT_NAME = "$(TARGET_NAME)";
				SWIFT_EMIT_LOC_STRINGS = NO;
				SWIFT_VERSION = 5.0;
				TARGETED_DEVICE_FAMILY = "1,2";
				TEST_HOST = "$(BUILT_PRODUCTS_DIR)/testAppMindBox.app/$(BUNDLE_EXECUTABLE_FOLDER_PATH)/testAppMindBox";
			};
			name = Debug;
		};
		D732568E2B7A42750064A1CE /* Release */ = {
			isa = XCBuildConfiguration;
			buildSettings = {
				ALWAYS_EMBED_SWIFT_STANDARD_LIBRARIES = YES;
				BUNDLE_LOADER = "$(TEST_HOST)";
				CODE_SIGN_STYLE = Automatic;
				CURRENT_PROJECT_VERSION = 1;
				DEVELOPMENT_TEAM = U63823ANYA;
				GENERATE_INFOPLIST_FILE = YES;
				IPHONEOS_DEPLOYMENT_TARGET = 17.0;
				MARKETING_VERSION = 1.0;
				PRODUCT_BUNDLE_IDENTIFIER = islam.test.testAppMindBoxTests;
				PRODUCT_NAME = "$(TARGET_NAME)";
				SWIFT_EMIT_LOC_STRINGS = NO;
				SWIFT_VERSION = 5.0;
				TARGETED_DEVICE_FAMILY = "1,2";
				TEST_HOST = "$(BUILT_PRODUCTS_DIR)/testAppMindBox.app/$(BUNDLE_EXECUTABLE_FOLDER_PATH)/testAppMindBox";
			};
			name = Release;
		};
/* End XCBuildConfiguration section */

/* Begin XCConfigurationList section */
		D732565A2B7A42730064A1CE /* Build configuration list for PBXProject "testAppMindBox" */ = {
			isa = XCConfigurationList;
			buildConfigurations = (
				D73256872B7A42750064A1CE /* Debug */,
				D73256882B7A42750064A1CE /* Release */,
			);
			defaultConfigurationIsVisible = 0;
			defaultConfigurationName = Release;
		};
		D73256892B7A42750064A1CE /* Build configuration list for PBXNativeTarget "testAppMindBox" */ = {
			isa = XCConfigurationList;
			buildConfigurations = (
				D732568A2B7A42750064A1CE /* Debug */,
				D732568B2B7A42750064A1CE /* Release */,
			);
			defaultConfigurationIsVisible = 0;
			defaultConfigurationName = Release;
		};
		D732568C2B7A42750064A1CE /* Build configuration list for PBXNativeTarget "testAppMindBoxTests" */ = {
			isa = XCConfigurationList;
			buildConfigurations = (
				D732568D2B7A42750064A1CE /* Debug */,
				D732568E2B7A42750064A1CE /* Release */,
			);
			defaultConfigurationIsVisible = 0;
			defaultConfigurationName = Release;
		};
/* End XCConfigurationList section */
	};
	rootObject = D73256572B7A42730064A1CE /* Project object */;
}
